// !$*UTF8*$!
{
	archiveVersion = 1;
	classes = {
	};
	objectVersion = 52;
	objects = {

/* Begin PBXBuildFile section */
		797FBD0623D9E3F00060D62B /* Signature.swift in Sources */ = {isa = PBXBuildFile; fileRef = 797FBD0523D9E3F00060D62B /* Signature.swift */; };
		797FBD0823DA498D0060D62B /* QRReaderView.swift in Sources */ = {isa = PBXBuildFile; fileRef = 797FBD0723DA498D0060D62B /* QRReaderView.swift */; };
		797FBD0B23DA581A0060D62B /* Web3 in Frameworks */ = {isa = PBXBuildFile; productRef = 797FBD0A23DA581A0060D62B /* Web3 */; };
		797FBD0D23DA5A020060D62B /* UITextField+Shake.swift in Sources */ = {isa = PBXBuildFile; fileRef = 797FBD0C23DA5A020060D62B /* UITextField+Shake.swift */; };
		79F1EEFB23D8E07D00BBFA62 /* AppDelegate.swift in Sources */ = {isa = PBXBuildFile; fileRef = 79F1EEFA23D8E07D00BBFA62 /* AppDelegate.swift */; };
		79F1EEFD23D8E07D00BBFA62 /* SceneDelegate.swift in Sources */ = {isa = PBXBuildFile; fileRef = 79F1EEFC23D8E07D00BBFA62 /* SceneDelegate.swift */; };
		79F1EEFF23D8E07D00BBFA62 /* SetupViewController.swift in Sources */ = {isa = PBXBuildFile; fileRef = 79F1EEFE23D8E07D00BBFA62 /* SetupViewController.swift */; };
		79F1EF0223D8E07D00BBFA62 /* Main.storyboard in Resources */ = {isa = PBXBuildFile; fileRef = 79F1EF0023D8E07D00BBFA62 /* Main.storyboard */; };
		79F1EF0423D8E08100BBFA62 /* Assets.xcassets in Resources */ = {isa = PBXBuildFile; fileRef = 79F1EF0323D8E08100BBFA62 /* Assets.xcassets */; };
		79F1EF0723D8E08100BBFA62 /* LaunchScreen.storyboard in Resources */ = {isa = PBXBuildFile; fileRef = 79F1EF0523D8E08100BBFA62 /* LaunchScreen.storyboard */; };
		79F1EF1223D8E08100BBFA62 /* EthereumSignerTests.swift in Sources */ = {isa = PBXBuildFile; fileRef = 79F1EF1123D8E08100BBFA62 /* EthereumSignerTests.swift */; };
		79F1EF2123D8E1A400BBFA62 /* SnapKit in Frameworks */ = {isa = PBXBuildFile; productRef = 79F1EF2023D8E1A400BBFA62 /* SnapKit */; };
		79F1EF2423D8E38A00BBFA62 /* User.swift in Sources */ = {isa = PBXBuildFile; fileRef = 79F1EF2323D8E38A00BBFA62 /* User.swift */; };
		79F1EF2623D8E40800BBFA62 /* AccountViewController.swift in Sources */ = {isa = PBXBuildFile; fileRef = 79F1EF2523D8E40800BBFA62 /* AccountViewController.swift */; };
		79F1EF2923D8E49800BBFA62 /* AccountDetailTableViewCell.swift in Sources */ = {isa = PBXBuildFile; fileRef = 79F1EF2823D8E49800BBFA62 /* AccountDetailTableViewCell.swift */; };
		79F1EF2B23D8EEBE00BBFA62 /* SigningViewController.swift in Sources */ = {isa = PBXBuildFile; fileRef = 79F1EF2A23D8EEBE00BBFA62 /* SigningViewController.swift */; };
		79F1EF2D23D8F09900BBFA62 /* SignatureViewController.swift in Sources */ = {isa = PBXBuildFile; fileRef = 79F1EF2C23D8F09900BBFA62 /* SignatureViewController.swift */; };
		79F1EF2F23D8F31200BBFA62 /* VerificationViewController.swift in Sources */ = {isa = PBXBuildFile; fileRef = 79F1EF2E23D8F31200BBFA62 /* VerificationViewController.swift */; };
		79F1EF3123D8F37700BBFA62 /* ScannerViewController.swift in Sources */ = {isa = PBXBuildFile; fileRef = 79F1EF3023D8F37700BBFA62 /* ScannerViewController.swift */; };
		79F1EF3C23D8FEA400BBFA62 /* Config.swift in Sources */ = {isa = PBXBuildFile; fileRef = 79F1EF3B23D8FEA400BBFA62 /* Config.swift */; };
/* End PBXBuildFile section */

/* Begin PBXContainerItemProxy section */
		79F1EF0E23D8E08100BBFA62 /* PBXContainerItemProxy */ = {
			isa = PBXContainerItemProxy;
			containerPortal = 79F1EEEF23D8E07D00BBFA62 /* Project object */;
			proxyType = 1;
			remoteGlobalIDString = 79F1EEF623D8E07D00BBFA62;
			remoteInfo = EthereumSigner;
		};
/* End PBXContainerItemProxy section */

/* Begin PBXFileReference section */
		797FBD0523D9E3F00060D62B /* Signature.swift */ = {isa = PBXFileReference; lastKnownFileType = sourcecode.swift; path = Signature.swift; sourceTree = "<group>"; };
		797FBD0723DA498D0060D62B /* QRReaderView.swift */ = {isa = PBXFileReference; lastKnownFileType = sourcecode.swift; path = QRReaderView.swift; sourceTree = "<group>"; };
		797FBD0C23DA5A020060D62B /* UITextField+Shake.swift */ = {isa = PBXFileReference; lastKnownFileType = sourcecode.swift; path = "UITextField+Shake.swift"; sourceTree = "<group>"; };
		79F1EEF723D8E07D00BBFA62 /* EthereumSigner.app */ = {isa = PBXFileReference; explicitFileType = wrapper.application; includeInIndex = 0; path = EthereumSigner.app; sourceTree = BUILT_PRODUCTS_DIR; };
		79F1EEFA23D8E07D00BBFA62 /* AppDelegate.swift */ = {isa = PBXFileReference; lastKnownFileType = sourcecode.swift; path = AppDelegate.swift; sourceTree = "<group>"; };
		79F1EEFC23D8E07D00BBFA62 /* SceneDelegate.swift */ = {isa = PBXFileReference; lastKnownFileType = sourcecode.swift; path = SceneDelegate.swift; sourceTree = "<group>"; };
		79F1EEFE23D8E07D00BBFA62 /* SetupViewController.swift */ = {isa = PBXFileReference; lastKnownFileType = sourcecode.swift; path = SetupViewController.swift; sourceTree = "<group>"; };
		79F1EF0123D8E07D00BBFA62 /* Base */ = {isa = PBXFileReference; lastKnownFileType = file.storyboard; name = Base; path = Base.lproj/Main.storyboard; sourceTree = "<group>"; };
		79F1EF0323D8E08100BBFA62 /* Assets.xcassets */ = {isa = PBXFileReference; lastKnownFileType = folder.assetcatalog; path = Assets.xcassets; sourceTree = "<group>"; };
		79F1EF0623D8E08100BBFA62 /* Base */ = {isa = PBXFileReference; lastKnownFileType = file.storyboard; name = Base; path = Base.lproj/LaunchScreen.storyboard; sourceTree = "<group>"; };
		79F1EF0823D8E08100BBFA62 /* Info.plist */ = {isa = PBXFileReference; lastKnownFileType = text.plist.xml; path = Info.plist; sourceTree = "<group>"; };
		79F1EF0D23D8E08100BBFA62 /* EthereumSignerTests.xctest */ = {isa = PBXFileReference; explicitFileType = wrapper.cfbundle; includeInIndex = 0; path = EthereumSignerTests.xctest; sourceTree = BUILT_PRODUCTS_DIR; };
		79F1EF1123D8E08100BBFA62 /* EthereumSignerTests.swift */ = {isa = PBXFileReference; lastKnownFileType = sourcecode.swift; path = EthereumSignerTests.swift; sourceTree = "<group>"; };
		79F1EF1323D8E08100BBFA62 /* Info.plist */ = {isa = PBXFileReference; lastKnownFileType = text.plist.xml; path = Info.plist; sourceTree = "<group>"; };
		79F1EF2323D8E38A00BBFA62 /* User.swift */ = {isa = PBXFileReference; lastKnownFileType = sourcecode.swift; path = User.swift; sourceTree = "<group>"; };
		79F1EF2523D8E40800BBFA62 /* AccountViewController.swift */ = {isa = PBXFileReference; lastKnownFileType = sourcecode.swift; path = AccountViewController.swift; sourceTree = "<group>"; };
		79F1EF2823D8E49800BBFA62 /* AccountDetailTableViewCell.swift */ = {isa = PBXFileReference; lastKnownFileType = sourcecode.swift; path = AccountDetailTableViewCell.swift; sourceTree = "<group>"; };
		79F1EF2A23D8EEBE00BBFA62 /* SigningViewController.swift */ = {isa = PBXFileReference; lastKnownFileType = sourcecode.swift; path = SigningViewController.swift; sourceTree = "<group>"; };
		79F1EF2C23D8F09900BBFA62 /* SignatureViewController.swift */ = {isa = PBXFileReference; lastKnownFileType = sourcecode.swift; path = SignatureViewController.swift; sourceTree = "<group>"; };
		79F1EF2E23D8F31200BBFA62 /* VerificationViewController.swift */ = {isa = PBXFileReference; lastKnownFileType = sourcecode.swift; path = VerificationViewController.swift; sourceTree = "<group>"; };
		79F1EF3023D8F37700BBFA62 /* ScannerViewController.swift */ = {isa = PBXFileReference; lastKnownFileType = sourcecode.swift; path = ScannerViewController.swift; sourceTree = "<group>"; };
		79F1EF3B23D8FEA400BBFA62 /* Config.swift */ = {isa = PBXFileReference; lastKnownFileType = sourcecode.swift; path = Config.swift; sourceTree = "<group>"; };
/* End PBXFileReference section */

/* Begin PBXFrameworksBuildPhase section */
		79F1EEF423D8E07D00BBFA62 /* Frameworks */ = {
			isa = PBXFrameworksBuildPhase;
			buildActionMask = 2147483647;
			files = (
				79F1EF2123D8E1A400BBFA62 /* SnapKit in Frameworks */,
				797FBD0B23DA581A0060D62B /* Web3 in Frameworks */,
			);
			runOnlyForDeploymentPostprocessing = 0;
		};
		79F1EF0A23D8E08100BBFA62 /* Frameworks */ = {
			isa = PBXFrameworksBuildPhase;
			buildActionMask = 2147483647;
			files = (
			);
			runOnlyForDeploymentPostprocessing = 0;
		};
/* End PBXFrameworksBuildPhase section */

/* Begin PBXGroup section */
		79F1EEEE23D8E07D00BBFA62 = {
			isa = PBXGroup;
			children = (
				79F1EEF923D8E07D00BBFA62 /* EthereumSigner */,
				79F1EF1023D8E08100BBFA62 /* EthereumSignerTests */,
				79F1EEF823D8E07D00BBFA62 /* Products */,
			);
			sourceTree = "<group>";
		};
		79F1EEF823D8E07D00BBFA62 /* Products */ = {
			isa = PBXGroup;
			children = (
				79F1EEF723D8E07D00BBFA62 /* EthereumSigner.app */,
				79F1EF0D23D8E08100BBFA62 /* EthereumSignerTests.xctest */,
			);
			name = Products;
			sourceTree = "<group>";
		};
		79F1EEF923D8E07D00BBFA62 /* EthereumSigner */ = {
			isa = PBXGroup;
			children = (
				79F1EF1E23D8E0D800BBFA62 /* Storyboard */,
				79F1EF3D23D8FEC400BBFA62 /* Helper */,
				79F1EF2723D8E45100BBFA62 /* View */,
				79F1EF2223D8E37F00BBFA62 /* Model */,
				79F1EF1C23D8E0C500BBFA62 /* ViewController */,
				79F1EEFA23D8E07D00BBFA62 /* AppDelegate.swift */,
				79F1EEFC23D8E07D00BBFA62 /* SceneDelegate.swift */,
				79F1EF0323D8E08100BBFA62 /* Assets.xcassets */,
				79F1EF0823D8E08100BBFA62 /* Info.plist */,
			);
			path = EthereumSigner;
			sourceTree = "<group>";
		};
		79F1EF1023D8E08100BBFA62 /* EthereumSignerTests */ = {
			isa = PBXGroup;
			children = (
				79F1EF1123D8E08100BBFA62 /* EthereumSignerTests.swift */,
				79F1EF1323D8E08100BBFA62 /* Info.plist */,
			);
			path = EthereumSignerTests;
			sourceTree = "<group>";
		};
		79F1EF1C23D8E0C500BBFA62 /* ViewController */ = {
			isa = PBXGroup;
			children = (
				79F1EEFE23D8E07D00BBFA62 /* SetupViewController.swift */,
				79F1EF2523D8E40800BBFA62 /* AccountViewController.swift */,
				79F1EF2A23D8EEBE00BBFA62 /* SigningViewController.swift */,
				79F1EF2C23D8F09900BBFA62 /* SignatureViewController.swift */,
				79F1EF2E23D8F31200BBFA62 /* VerificationViewController.swift */,
				79F1EF3023D8F37700BBFA62 /* ScannerViewController.swift */,
			);
			path = ViewController;
			sourceTree = "<group>";
		};
		79F1EF1E23D8E0D800BBFA62 /* Storyboard */ = {
			isa = PBXGroup;
			children = (
				79F1EF0023D8E07D00BBFA62 /* Main.storyboard */,
				79F1EF0523D8E08100BBFA62 /* LaunchScreen.storyboard */,
			);
			name = Storyboard;
			sourceTree = "<group>";
		};
		79F1EF2223D8E37F00BBFA62 /* Model */ = {
			isa = PBXGroup;
			children = (
				79F1EF2323D8E38A00BBFA62 /* User.swift */,
				797FBD0523D9E3F00060D62B /* Signature.swift */,
			);
			path = Model;
			sourceTree = "<group>";
		};
		79F1EF2723D8E45100BBFA62 /* View */ = {
			isa = PBXGroup;
			children = (
				79F1EF2823D8E49800BBFA62 /* AccountDetailTableViewCell.swift */,
				797FBD0723DA498D0060D62B /* QRReaderView.swift */,
			);
			path = View;
			sourceTree = "<group>";
		};
		79F1EF3D23D8FEC400BBFA62 /* Helper */ = {
			isa = PBXGroup;
			children = (
				79F1EF3B23D8FEA400BBFA62 /* Config.swift */,
				797FBD0C23DA5A020060D62B /* UITextField+Shake.swift */,
			);
			path = Helper;
			sourceTree = "<group>";
		};
/* End PBXGroup section */

/* Begin PBXNativeTarget section */
		79F1EEF623D8E07D00BBFA62 /* EthereumSigner */ = {
			isa = PBXNativeTarget;
			buildConfigurationList = 79F1EF1623D8E08100BBFA62 /* Build configuration list for PBXNativeTarget "EthereumSigner" */;
			buildPhases = (
				79F1EEF323D8E07D00BBFA62 /* Sources */,
				79F1EEF423D8E07D00BBFA62 /* Frameworks */,
				79F1EEF523D8E07D00BBFA62 /* Resources */,
			);
			buildRules = (
			);
			dependencies = (
			);
			name = EthereumSigner;
			packageProductDependencies = (
				79F1EF2023D8E1A400BBFA62 /* SnapKit */,
				797FBD0A23DA581A0060D62B /* Web3 */,
			);
			productName = EthereumSigner;
			productReference = 79F1EEF723D8E07D00BBFA62 /* EthereumSigner.app */;
			productType = "com.apple.product-type.application";
		};
		79F1EF0C23D8E08100BBFA62 /* EthereumSignerTests */ = {
			isa = PBXNativeTarget;
			buildConfigurationList = 79F1EF1923D8E08100BBFA62 /* Build configuration list for PBXNativeTarget "EthereumSignerTests" */;
			buildPhases = (
				79F1EF0923D8E08100BBFA62 /* Sources */,
				79F1EF0A23D8E08100BBFA62 /* Frameworks */,
				79F1EF0B23D8E08100BBFA62 /* Resources */,
			);
			buildRules = (
			);
			dependencies = (
				79F1EF0F23D8E08100BBFA62 /* PBXTargetDependency */,
			);
			name = EthereumSignerTests;
			productName = EthereumSignerTests;
			productReference = 79F1EF0D23D8E08100BBFA62 /* EthereumSignerTests.xctest */;
			productType = "com.apple.product-type.bundle.unit-test";
		};
/* End PBXNativeTarget section */

/* Begin PBXProject section */
		79F1EEEF23D8E07D00BBFA62 /* Project object */ = {
			isa = PBXProject;
			attributes = {
				LastSwiftUpdateCheck = 1120;
				LastUpgradeCheck = 1120;
				ORGANIZATIONNAME = "Piyuv OU";
				TargetAttributes = {
					79F1EEF623D8E07D00BBFA62 = {
						CreatedOnToolsVersion = 11.2.1;
					};
					79F1EF0C23D8E08100BBFA62 = {
						CreatedOnToolsVersion = 11.2.1;
						TestTargetID = 79F1EEF623D8E07D00BBFA62;
					};
				};
			};
			buildConfigurationList = 79F1EEF223D8E07D00BBFA62 /* Build configuration list for PBXProject "EthereumSigner" */;
			compatibilityVersion = "Xcode 9.3";
			developmentRegion = en;
			hasScannedForEncodings = 0;
			knownRegions = (
				en,
				Base,
			);
			mainGroup = 79F1EEEE23D8E07D00BBFA62;
			packageReferences = (
				79F1EF1F23D8E1A400BBFA62 /* XCRemoteSwiftPackageReference "SnapKit" */,
				797FBD0923DA581A0060D62B /* XCRemoteSwiftPackageReference "Web3" */,
			);
			productRefGroup = 79F1EEF823D8E07D00BBFA62 /* Products */;
			projectDirPath = "";
			projectRoot = "";
			targets = (
				79F1EEF623D8E07D00BBFA62 /* EthereumSigner */,
				79F1EF0C23D8E08100BBFA62 /* EthereumSignerTests */,
			);
		};
/* End PBXProject section */

/* Begin PBXResourcesBuildPhase section */
		79F1EEF523D8E07D00BBFA62 /* Resources */ = {
			isa = PBXResourcesBuildPhase;
			buildActionMask = 2147483647;
			files = (
				79F1EF0723D8E08100BBFA62 /* LaunchScreen.storyboard in Resources */,
				79F1EF0423D8E08100BBFA62 /* Assets.xcassets in Resources */,
				79F1EF0223D8E07D00BBFA62 /* Main.storyboard in Resources */,
			);
			runOnlyForDeploymentPostprocessing = 0;
		};
		79F1EF0B23D8E08100BBFA62 /* Resources */ = {
			isa = PBXResourcesBuildPhase;
			buildActionMask = 2147483647;
			files = (
			);
			runOnlyForDeploymentPostprocessing = 0;
		};
/* End PBXResourcesBuildPhase section */

/* Begin PBXSourcesBuildPhase section */
		79F1EEF323D8E07D00BBFA62 /* Sources */ = {
			isa = PBXSourcesBuildPhase;
			buildActionMask = 2147483647;
			files = (
				797FBD0623D9E3F00060D62B /* Signature.swift in Sources */,
				79F1EF2B23D8EEBE00BBFA62 /* SigningViewController.swift in Sources */,
				797FBD0D23DA5A020060D62B /* UITextField+Shake.swift in Sources */,
				79F1EF2D23D8F09900BBFA62 /* SignatureViewController.swift in Sources */,
				79F1EF2423D8E38A00BBFA62 /* User.swift in Sources */,
				79F1EF3123D8F37700BBFA62 /* ScannerViewController.swift in Sources */,
				79F1EF3C23D8FEA400BBFA62 /* Config.swift in Sources */,
				79F1EF2623D8E40800BBFA62 /* AccountViewController.swift in Sources */,
				79F1EEFF23D8E07D00BBFA62 /* SetupViewController.swift in Sources */,
				79F1EEFB23D8E07D00BBFA62 /* AppDelegate.swift in Sources */,
				79F1EF2F23D8F31200BBFA62 /* VerificationViewController.swift in Sources */,
				797FBD0823DA498D0060D62B /* QRReaderView.swift in Sources */,
				79F1EF2923D8E49800BBFA62 /* AccountDetailTableViewCell.swift in Sources */,
				79F1EEFD23D8E07D00BBFA62 /* SceneDelegate.swift in Sources */,
			);
			runOnlyForDeploymentPostprocessing = 0;
		};
		79F1EF0923D8E08100BBFA62 /* Sources */ = {
			isa = PBXSourcesBuildPhase;
			buildActionMask = 2147483647;
			files = (
				79F1EF1223D8E08100BBFA62 /* EthereumSignerTests.swift in Sources */,
			);
			runOnlyForDeploymentPostprocessing = 0;
		};
/* End PBXSourcesBuildPhase section */

/* Begin PBXTargetDependency section */
		79F1EF0F23D8E08100BBFA62 /* PBXTargetDependency */ = {
			isa = PBXTargetDependency;
			target = 79F1EEF623D8E07D00BBFA62 /* EthereumSigner */;
			targetProxy = 79F1EF0E23D8E08100BBFA62 /* PBXContainerItemProxy */;
		};
/* End PBXTargetDependency section */

/* Begin PBXVariantGroup section */
		79F1EF0023D8E07D00BBFA62 /* Main.storyboard */ = {
			isa = PBXVariantGroup;
			children = (
				79F1EF0123D8E07D00BBFA62 /* Base */,
			);
			name = Main.storyboard;
			sourceTree = "<group>";
		};
		79F1EF0523D8E08100BBFA62 /* LaunchScreen.storyboard */ = {
			isa = PBXVariantGroup;
			children = (
				79F1EF0623D8E08100BBFA62 /* Base */,
			);
			name = LaunchScreen.storyboard;
			sourceTree = "<group>";
		};
/* End PBXVariantGroup section */

/* Begin XCBuildConfiguration section */
		79F1EF1423D8E08100BBFA62 /* Debug */ = {
			isa = XCBuildConfiguration;
			buildSettings = {
				ALWAYS_SEARCH_USER_PATHS = NO;
				CLANG_ANALYZER_NONNULL = YES;
				CLANG_ANALYZER_NUMBER_OBJECT_CONVERSION = YES_AGGRESSIVE;
				CLANG_CXX_LANGUAGE_STANDARD = "gnu++14";
				CLANG_CXX_LIBRARY = "libc++";
				CLANG_ENABLE_MODULES = YES;
				CLANG_ENABLE_OBJC_ARC = YES;
				CLANG_ENABLE_OBJC_WEAK = YES;
				CLANG_WARN_BLOCK_CAPTURE_AUTORELEASING = YES;
				CLANG_WARN_BOOL_CONVERSION = YES;
				CLANG_WARN_COMMA = YES;
				CLANG_WARN_CONSTANT_CONVERSION = YES;
				CLANG_WARN_DEPRECATED_OBJC_IMPLEMENTATIONS = YES;
				CLANG_WARN_DIRECT_OBJC_ISA_USAGE = YES_ERROR;
				CLANG_WARN_DOCUMENTATION_COMMENTS = YES;
				CLANG_WARN_EMPTY_BODY = YES;
				CLANG_WARN_ENUM_CONVERSION = YES;
				CLANG_WARN_INFINITE_RECURSION = YES;
				CLANG_WARN_INT_CONVERSION = YES;
				CLANG_WARN_NON_LITERAL_NULL_CONVERSION = YES;
				CLANG_WARN_OBJC_IMPLICIT_RETAIN_SELF = YES;
				CLANG_WARN_OBJC_LITERAL_CONVERSION = YES;
				CLANG_WARN_OBJC_ROOT_CLASS = YES_ERROR;
				CLANG_WARN_RANGE_LOOP_ANALYSIS = YES;
				CLANG_WARN_STRICT_PROTOTYPES = YES;
				CLANG_WARN_SUSPICIOUS_MOVE = YES;
				CLANG_WARN_UNGUARDED_AVAILABILITY = YES_AGGRESSIVE;
				CLANG_WARN_UNREACHABLE_CODE = YES;
				CLANG_WARN__DUPLICATE_METHOD_MATCH = YES;
				COPY_PHASE_STRIP = NO;
				DEBUG_INFORMATION_FORMAT = dwarf;
				ENABLE_STRICT_OBJC_MSGSEND = YES;
				ENABLE_TESTABILITY = YES;
				GCC_C_LANGUAGE_STANDARD = gnu11;
				GCC_DYNAMIC_NO_PIC = NO;
				GCC_NO_COMMON_BLOCKS = YES;
				GCC_OPTIMIZATION_LEVEL = 0;
				GCC_PREPROCESSOR_DEFINITIONS = (
					"DEBUG=1",
					"$(inherited)",
				);
				GCC_WARN_64_TO_32_BIT_CONVERSION = YES;
				GCC_WARN_ABOUT_RETURN_TYPE = YES_ERROR;
				GCC_WARN_UNDECLARED_SELECTOR = YES;
				GCC_WARN_UNINITIALIZED_AUTOS = YES_AGGRESSIVE;
				GCC_WARN_UNUSED_FUNCTION = YES;
				GCC_WARN_UNUSED_VARIABLE = YES;
				IPHONEOS_DEPLOYMENT_TARGET = 13.2;
				MTL_ENABLE_DEBUG_INFO = INCLUDE_SOURCE;
				MTL_FAST_MATH = YES;
				ONLY_ACTIVE_ARCH = YES;
				SDKROOT = iphoneos;
				SWIFT_ACTIVE_COMPILATION_CONDITIONS = DEBUG;
				SWIFT_OPTIMIZATION_LEVEL = "-Onone";
			};
			name = Debug;
		};
		79F1EF1523D8E08100BBFA62 /* Release */ = {
			isa = XCBuildConfiguration;
			buildSettings = {
				ALWAYS_SEARCH_USER_PATHS = NO;
				CLANG_ANALYZER_NONNULL = YES;
				CLANG_ANALYZER_NUMBER_OBJECT_CONVERSION = YES_AGGRESSIVE;
				CLANG_CXX_LANGUAGE_STANDARD = "gnu++14";
				CLANG_CXX_LIBRARY = "libc++";
				CLANG_ENABLE_MODULES = YES;
				CLANG_ENABLE_OBJC_ARC = YES;
				CLANG_ENABLE_OBJC_WEAK = YES;
				CLANG_WARN_BLOCK_CAPTURE_AUTORELEASING = YES;
				CLANG_WARN_BOOL_CONVERSION = YES;
				CLANG_WARN_COMMA = YES;
				CLANG_WARN_CONSTANT_CONVERSION = YES;
				CLANG_WARN_DEPRECATED_OBJC_IMPLEMENTATIONS = YES;
				CLANG_WARN_DIRECT_OBJC_ISA_USAGE = YES_ERROR;
				CLANG_WARN_DOCUMENTATION_COMMENTS = YES;
				CLANG_WARN_EMPTY_BODY = YES;
				CLANG_WARN_ENUM_CONVERSION = YES;
				CLANG_WARN_INFINITE_RECURSION = YES;
				CLANG_WARN_INT_CONVERSION = YES;
				CLANG_WARN_NON_LITERAL_NULL_CONVERSION = YES;
				CLANG_WARN_OBJC_IMPLICIT_RETAIN_SELF = YES;
				CLANG_WARN_OBJC_LITERAL_CONVERSION = YES;
				CLANG_WARN_OBJC_ROOT_CLASS = YES_ERROR;
				CLANG_WARN_RANGE_LOOP_ANALYSIS = YES;
				CLANG_WARN_STRICT_PROTOTYPES = YES;
				CLANG_WARN_SUSPICIOUS_MOVE = YES;
				CLANG_WARN_UNGUARDED_AVAILABILITY = YES_AGGRESSIVE;
				CLANG_WARN_UNREACHABLE_CODE = YES;
				CLANG_WARN__DUPLICATE_METHOD_MATCH = YES;
				COPY_PHASE_STRIP = NO;
				DEBUG_INFORMATION_FORMAT = "dwarf-with-dsym";
				ENABLE_NS_ASSERTIONS = NO;
				ENABLE_STRICT_OBJC_MSGSEND = YES;
				GCC_C_LANGUAGE_STANDARD = gnu11;
				GCC_NO_COMMON_BLOCKS = YES;
				GCC_WARN_64_TO_32_BIT_CONVERSION = YES;
				GCC_WARN_ABOUT_RETURN_TYPE = YES_ERROR;
				GCC_WARN_UNDECLARED_SELECTOR = YES;
				GCC_WARN_UNINITIALIZED_AUTOS = YES_AGGRESSIVE;
				GCC_WARN_UNUSED_FUNCTION = YES;
				GCC_WARN_UNUSED_VARIABLE = YES;
				IPHONEOS_DEPLOYMENT_TARGET = 13.2;
				MTL_ENABLE_DEBUG_INFO = NO;
				MTL_FAST_MATH = YES;
				SDKROOT = iphoneos;
				SWIFT_COMPILATION_MODE = wholemodule;
				SWIFT_OPTIMIZATION_LEVEL = "-O";
				VALIDATE_PRODUCT = YES;
			};
			name = Release;
		};
		79F1EF1723D8E08100BBFA62 /* Debug */ = {
			isa = XCBuildConfiguration;
			buildSettings = {
				ASSETCATALOG_COMPILER_APPICON_NAME = AppIcon;
				CODE_SIGN_STYLE = Automatic;
				DEVELOPMENT_TEAM = HDL733GQ4Y;
				INFOPLIST_FILE = EthereumSigner/Info.plist;
				LD_RUNPATH_SEARCH_PATHS = (
					"$(inherited)",
					"@executable_path/Frameworks",
				);
				PRODUCT_BUNDLE_IDENTIFIER = com.piyuv.EthereumSigner;
				PRODUCT_NAME = "$(TARGET_NAME)";
				SWIFT_VERSION = 5.0;
				TARGETED_DEVICE_FAMILY = "1,2";
			};
			name = Debug;
		};
		79F1EF1823D8E08100BBFA62 /* Release */ = {
			isa = XCBuildConfiguration;
			buildSettings = {
				ASSETCATALOG_COMPILER_APPICON_NAME = AppIcon;
				CODE_SIGN_STYLE = Automatic;
				DEVELOPMENT_TEAM = HDL733GQ4Y;
				INFOPLIST_FILE = EthereumSigner/Info.plist;
				LD_RUNPATH_SEARCH_PATHS = (
					"$(inherited)",
					"@executable_path/Frameworks",
				);
				PRODUCT_BUNDLE_IDENTIFIER = com.piyuv.EthereumSigner;
				PRODUCT_NAME = "$(TARGET_NAME)";
				SWIFT_VERSION = 5.0;
				TARGETED_DEVICE_FAMILY = "1,2";
			};
			name = Release;
		};
		79F1EF1A23D8E08100BBFA62 /* Debug */ = {
			isa = XCBuildConfiguration;
			buildSettings = {
				ALWAYS_EMBED_SWIFT_STANDARD_LIBRARIES = YES;
				BUNDLE_LOADER = "$(TEST_HOST)";
				CODE_SIGN_STYLE = Automatic;
				DEVELOPMENT_TEAM = HDL733GQ4Y;
				INFOPLIST_FILE = EthereumSignerTests/Info.plist;
				IPHONEOS_DEPLOYMENT_TARGET = 13.2;
				LD_RUNPATH_SEARCH_PATHS = (
					"$(inherited)",
					"@executable_path/Frameworks",
					"@loader_path/Frameworks",
				);
				PRODUCT_BUNDLE_IDENTIFIER = com.piyuv.EthereumSignerTests;
				PRODUCT_NAME = "$(TARGET_NAME)";
				SWIFT_VERSION = 5.0;
				TARGETED_DEVICE_FAMILY = "1,2";
				TEST_HOST = "$(BUILT_PRODUCTS_DIR)/EthereumSigner.app/EthereumSigner";
			};
			name = Debug;
		};
		79F1EF1B23D8E08100BBFA62 /* Release */ = {
			isa = XCBuildConfiguration;
			buildSettings = {
				ALWAYS_EMBED_SWIFT_STANDARD_LIBRARIES = YES;
				BUNDLE_LOADER = "$(TEST_HOST)";
				CODE_SIGN_STYLE = Automatic;
				DEVELOPMENT_TEAM = HDL733GQ4Y;
				INFOPLIST_FILE = EthereumSignerTests/Info.plist;
				IPHONEOS_DEPLOYMENT_TARGET = 13.2;
				LD_RUNPATH_SEARCH_PATHS = (
					"$(inherited)",
					"@executable_path/Frameworks",
					"@loader_path/Frameworks",
				);
				PRODUCT_BUNDLE_IDENTIFIER = com.piyuv.EthereumSignerTests;
				PRODUCT_NAME = "$(TARGET_NAME)";
				SWIFT_VERSION = 5.0;
				TARGETED_DEVICE_FAMILY = "1,2";
				TEST_HOST = "$(BUILT_PRODUCTS_DIR)/EthereumSigner.app/EthereumSigner";
			};
			name = Release;
		};
/* End XCBuildConfiguration section */

/* Begin XCConfigurationList section */
		79F1EEF223D8E07D00BBFA62 /* Build configuration list for PBXProject "EthereumSigner" */ = {
			isa = XCConfigurationList;
			buildConfigurations = (
				79F1EF1423D8E08100BBFA62 /* Debug */,
				79F1EF1523D8E08100BBFA62 /* Release */,
			);
			defaultConfigurationIsVisible = 0;
			defaultConfigurationName = Release;
		};
		79F1EF1623D8E08100BBFA62 /* Build configuration list for PBXNativeTarget "EthereumSigner" */ = {
			isa = XCConfigurationList;
			buildConfigurations = (
				79F1EF1723D8E08100BBFA62 /* Debug */,
				79F1EF1823D8E08100BBFA62 /* Release */,
			);
			defaultConfigurationIsVisible = 0;
			defaultConfigurationName = Release;
		};
		79F1EF1923D8E08100BBFA62 /* Build configuration list for PBXNativeTarget "EthereumSignerTests" */ = {
			isa = XCConfigurationList;
			buildConfigurations = (
				79F1EF1A23D8E08100BBFA62 /* Debug */,
				79F1EF1B23D8E08100BBFA62 /* Release */,
			);
			defaultConfigurationIsVisible = 0;
			defaultConfigurationName = Release;
		};
/* End XCConfigurationList section */

/* Begin XCRemoteSwiftPackageReference section */
		797FBD0923DA581A0060D62B /* XCRemoteSwiftPackageReference "Web3" */ = {
			isa = XCRemoteSwiftPackageReference;
			repositoryURL = "https://github.com/b-onc/Web3.swift";
			requirement = {
				branch = master;
				kind = branch;
			};
		};
		79F1EF1F23D8E1A400BBFA62 /* XCRemoteSwiftPackageReference "SnapKit" */ = {
			isa = XCRemoteSwiftPackageReference;
			repositoryURL = "https://github.com/SnapKit/SnapKit";
			requirement = {
				kind = upToNextMajorVersion;
				minimumVersion = 5.0.1;
			};
		};
/* End XCRemoteSwiftPackageReference section */

/* Begin XCSwiftPackageProductDependency section */
		797FBD0A23DA581A0060D62B /* Web3 */ = {
			isa = XCSwiftPackageProductDependency;
			package = 797FBD0923DA581A0060D62B /* XCRemoteSwiftPackageReference "Web3" */;
			productName = Web3;
		};
		79F1EF2023D8E1A400BBFA62 /* SnapKit */ = {
			isa = XCSwiftPackageProductDependency;
			package = 79F1EF1F23D8E1A400BBFA62 /* XCRemoteSwiftPackageReference "SnapKit" */;
			productName = SnapKit;
		};
/* End XCSwiftPackageProductDependency section */
	};
	rootObject = 79F1EEEF23D8E07D00BBFA62 /* Project object */;
}
